
Microsoft Visual Studio Solution File, Format Version 12.00
# Visual Studio Version 16
VisualStudioVersion = 16.0.30330.147
MinimumVisualStudioVersion = 10.0.40219.1
Project("{9A19103F-16F7-4668-BE54-9A1E7A4F7556}") = "Restaurante", "Restaurante\Restaurante.csproj", "{0A913A42-3C68-43C4-A7E0-493A05E1617B}"
EndProject
Project("{FAE04EC0-301F-11D3-BF4B-00C04F79EFBC}") = "RestauranteTest", "RestauranteTest\RestauranteTest.csproj", "{8DACFE84-2945-4DCB-9572-0CA73325B81A}"
EndProject
Global
	GlobalSection(SolutionConfigurationPlatforms) = preSolution
		Debug|Any CPU = Debug|Any CPU
		Release|Any CPU = Release|Any CPU
	EndGlobalSection
	GlobalSection(ProjectConfigurationPlatforms) = postSolution
		{0A913A42-3C68-43C4-A7E0-493A05E1617B}.Debug|Any CPU.ActiveCfg = Debug|Any CPU
		{0A913A42-3C68-43C4-A7E0-493A05E1617B}.Debug|Any CPU.Build.0 = Debug|Any CPU
		{0A913A42-3C68-43C4-A7E0-493A05E1617B}.Release|Any CPU.ActiveCfg = Release|Any CPU
		{0A913A42-3C68-43C4-A7E0-493A05E1617B}.Release|Any CPU.Build.0 = Release|Any CPU
		{8DACFE84-2945-4DCB-9572-0CA73325B81A}.Debug|Any CPU.ActiveCfg = Debug|Any CPU
		{8DACFE84-2945-4DCB-9572-0CA73325B81A}.Debug|Any CPU.Build.0 = Debug|Any CPU
		{8DACFE84-2945-4DCB-9572-0CA73325B81A}.Release|Any CPU.ActiveCfg = Release|Any CPU
		{8DACFE84-2945-4DCB-9572-0CA73325B81A}.Release|Any CPU.Build.0 = Release|Any CPU
	EndGlobalSection
	GlobalSection(SolutionProperties) = preSolution
		HideSolutionNode = FALSE
	EndGlobalSection
	GlobalSection(ExtensibilityGlobals) = postSolution
		SolutionGuid = {AC0CA2F3-74C1-49B7-86BE-2523BDE7A36C}
	EndGlobalSection
EndGlobal
